
Microsoft Visual Studio Solution File, Format Version 12.00
# Visual Studio Version 17
VisualStudioVersion = 17.9.34622.214
MinimumVisualStudioVersion = 10.0.40219.1
Project("{FAE04EC0-301F-11D3-BF4B-00C04F79EFBC}") = "OrangeTask", "OrangeTask\OrangeTask.csproj", "{44147639-4FDC-42AD-B188-42BEECB8B956}"
EndProject
Project("{FAE04EC0-301F-11D3-BF4B-00C04F79EFBC}") = "Domain", "Domain\Domain.csproj", "{A9CE1B7E-D3C7-4471-AD24-C247080C7C66}"
EndProject
Project("{FAE04EC0-301F-11D3-BF4B-00C04F79EFBC}") = "Application", "Application\Application.csproj", "{B471F105-0FC5-42A8-BF1F-28FFA6BF0F90}"
EndProject
Global
	GlobalSection(SolutionConfigurationPlatforms) = preSolution
		Debug|Any CPU = Debug|Any CPU
		Release|Any CPU = Release|Any CPU
	EndGlobalSection
	GlobalSection(ProjectConfigurationPlatforms) = postSolution
		{44147639-4FDC-42AD-B188-42BEECB8B956}.Debug|Any CPU.ActiveCfg = Debug|Any CPU
		{44147639-4FDC-42AD-B188-42BEECB8B956}.Debug|Any CPU.Build.0 = Debug|Any CPU
		{44147639-4FDC-42AD-B188-42BEECB8B956}.Release|Any CPU.ActiveCfg = Release|Any CPU
		{44147639-4FDC-42AD-B188-42BEECB8B956}.Release|Any CPU.Build.0 = Release|Any CPU
		{A9CE1B7E-D3C7-4471-AD24-C247080C7C66}.Debug|Any CPU.ActiveCfg = Debug|Any CPU
		{A9CE1B7E-D3C7-4471-AD24-C247080C7C66}.Debug|Any CPU.Build.0 = Debug|Any CPU
		{A9CE1B7E-D3C7-4471-AD24-C247080C7C66}.Release|Any CPU.ActiveCfg = Release|Any CPU
		{A9CE1B7E-D3C7-4471-AD24-C247080C7C66}.Release|Any CPU.Build.0 = Release|Any CPU
		{B471F105-0FC5-42A8-BF1F-28FFA6BF0F90}.Debug|Any CPU.ActiveCfg = Debug|Any CPU
		{B471F105-0FC5-42A8-BF1F-28FFA6BF0F90}.Debug|Any CPU.Build.0 = Debug|Any CPU
		{B471F105-0FC5-42A8-BF1F-28FFA6BF0F90}.Release|Any CPU.ActiveCfg = Release|Any CPU
		{B471F105-0FC5-42A8-BF1F-28FFA6BF0F90}.Release|Any CPU.Build.0 = Release|Any CPU
	EndGlobalSection
	GlobalSection(SolutionProperties) = preSolution
		HideSolutionNode = FALSE
	EndGlobalSection
	GlobalSection(ExtensibilityGlobals) = postSolution
		SolutionGuid = {026BFC78-78D9-4730-8A23-5DE3E8E0ABDC}
	EndGlobalSection
EndGlobal
